{
  "name": "westcreeper-community",
  "version": "1.0.0",
  "lockfileVersion": 3,
  "requires": true,
  "packages": {
    "": {
      "name": "westcreeper-community",
      "version": "1.0.0",
      "dependencies": {
        "postal-mime": "4.0.2"
      }
    },
    "node_modules/postal-mime": {
      "version": "4.0.2",
      "resolved": "https://registry.npmjs.org/postal-mime/-/postal-mime-4.0.2.tgz",
      "integrity": "sha512-b/FqJGdS+Y+leh30r2ord1gWZNPfYcTiFBR1BIPvZYvQrKJjYYqGeECh9sQ5BpkWtcjSj39ngIAiE2w6XNfMjA==",
      "license": "MIT"
    }
  }
}
